// !$*UTF8*$!
{
	archiveVersion = 1;
	classes = {
	};
	objectVersion = 55;
	objects = {

/* Begin PBXBuildFile section */
		1528213527269EC3009CD0A8 /* AddTodoButton.swift in Sources */ = {isa = PBXBuildFile; fileRef = 1528213427269EC3009CD0A8 /* AddTodoButton.swift */; };
		157569C62725FE6F001B387D /* Task+Ext.swift.swift in Sources */ = {isa = PBXBuildFile; fileRef = 157569C52725FE6F001B387D /* Task+Ext.swift.swift */; };
		15A0F9032721E07D000B652A /* YATDAApp.swift in Sources */ = {isa = PBXBuildFile; fileRef = 15A0F9022721E07D000B652A /* YATDAApp.swift */; };
		15A0F9052721E07D000B652A /* ContentView.swift in Sources */ = {isa = PBXBuildFile; fileRef = 15A0F9042721E07D000B652A /* ContentView.swift */; };
		15A0F9072721E07F000B652A /* Assets.xcassets in Resources */ = {isa = PBXBuildFile; fileRef = 15A0F9062721E07F000B652A /* Assets.xcassets */; };
		15A0F90A2721E07F000B652A /* Preview Assets.xcassets in Resources */ = {isa = PBXBuildFile; fileRef = 15A0F9092721E07F000B652A /* Preview Assets.xcassets */; };
		15A0F9122721E1E7000B652A /* SimpleTodoModel.xcdatamodeld in Sources */ = {isa = PBXBuildFile; fileRef = 15A0F9102721E1E7000B652A /* SimpleTodoModel.xcdatamodeld */; };
		15A0F9142721E287000B652A /* CoreDataManager.swift in Sources */ = {isa = PBXBuildFile; fileRef = 15A0F9132721E287000B652A /* CoreDataManager.swift */; };
		15A0F9342722C2CA000B652A /* Priority.swift in Sources */ = {isa = PBXBuildFile; fileRef = 15A0F9332722C2CA000B652A /* Priority.swift */; };
		15A0F9362722C6EF000B652A /* TodoListView.swift in Sources */ = {isa = PBXBuildFile; fileRef = 15A0F9352722C6EF000B652A /* TodoListView.swift */; };
/* End PBXBuildFile section */

/* Begin PBXFileReference section */
		1528213427269EC3009CD0A8 /* AddTodoButton.swift */ = {isa = PBXFileReference; lastKnownFileType = sourcecode.swift; path = AddTodoButton.swift; sourceTree = "<group>"; };
		157569C42725EFD4001B387D /* ToDo.md */ = {isa = PBXFileReference; lastKnownFileType = net.daringfireball.markdown; path = ToDo.md; sourceTree = "<group>"; };
		157569C52725FE6F001B387D /* Task+Ext.swift.swift */ = {isa = PBXFileReference; lastKnownFileType = sourcecode.swift; path = "Task+Ext.swift.swift"; sourceTree = "<group>"; };
		15A0F8FF2721E07D000B652A /* YATDA.app */ = {isa = PBXFileReference; explicitFileType = wrapper.application; includeInIndex = 0; path = YATDA.app; sourceTree = BUILT_PRODUCTS_DIR; };
		15A0F9022721E07D000B652A /* YATDAApp.swift */ = {isa = PBXFileReference; lastKnownFileType = sourcecode.swift; path = YATDAApp.swift; sourceTree = "<group>"; };
		15A0F9042721E07D000B652A /* ContentView.swift */ = {isa = PBXFileReference; lastKnownFileType = sourcecode.swift; path = ContentView.swift; sourceTree = "<group>"; };
		15A0F9062721E07F000B652A /* Assets.xcassets */ = {isa = PBXFileReference; lastKnownFileType = folder.assetcatalog; path = Assets.xcassets; sourceTree = "<group>"; };
		15A0F9092721E07F000B652A /* Preview Assets.xcassets */ = {isa = PBXFileReference; lastKnownFileType = folder.assetcatalog; path = "Preview Assets.xcassets"; sourceTree = "<group>"; };
		15A0F9112721E1E7000B652A /* SimpleTodoModel.xcdatamodel */ = {isa = PBXFileReference; lastKnownFileType = wrapper.xcdatamodel; path = SimpleTodoModel.xcdatamodel; sourceTree = "<group>"; };
		15A0F9132721E287000B652A /* CoreDataManager.swift */ = {isa = PBXFileReference; lastKnownFileType = sourcecode.swift; path = CoreDataManager.swift; sourceTree = "<group>"; };
		15A0F9332722C2CA000B652A /* Priority.swift */ = {isa = PBXFileReference; lastKnownFileType = sourcecode.swift; path = Priority.swift; sourceTree = "<group>"; };
		15A0F9352722C6EF000B652A /* TodoListView.swift */ = {isa = PBXFileReference; lastKnownFileType = sourcecode.swift; path = TodoListView.swift; sourceTree = "<group>"; };
/* End PBXFileReference section */

/* Begin PBXFrameworksBuildPhase section */
		15A0F8FC2721E07D000B652A /* Frameworks */ = {
			isa = PBXFrameworksBuildPhase;
			buildActionMask = 2147483647;
			files = (
			);
			runOnlyForDeploymentPostprocessing = 0;
		};
/* End PBXFrameworksBuildPhase section */

/* Begin PBXGroup section */
		15A0F8F62721E07D000B652A = {
			isa = PBXGroup;
			children = (
				15A0F9012721E07D000B652A /* YATDA */,
				15A0F9002721E07D000B652A /* Products */,
			);
			sourceTree = "<group>";
		};
		15A0F9002721E07D000B652A /* Products */ = {
			isa = PBXGroup;
			children = (
				15A0F8FF2721E07D000B652A /* YATDA.app */,
			);
			name = Products;
			sourceTree = "<group>";
		};
		15A0F9012721E07D000B652A /* YATDA */ = {
			isa = PBXGroup;
			children = (
				15A0F9022721E07D000B652A /* YATDAApp.swift */,
				15A0F9042721E07D000B652A /* ContentView.swift */,
				15A0F9352722C6EF000B652A /* TodoListView.swift */,
				1528213427269EC3009CD0A8 /* AddTodoButton.swift */,
				15A0F9332722C2CA000B652A /* Priority.swift */,
				15A0F9132721E287000B652A /* CoreDataManager.swift */,
				157569C52725FE6F001B387D /* Task+Ext.swift.swift */,
				157569C42725EFD4001B387D /* ToDo.md */,
				15A0F9102721E1E7000B652A /* SimpleTodoModel.xcdatamodeld */,
				15A0F9062721E07F000B652A /* Assets.xcassets */,
				15A0F9082721E07F000B652A /* Preview Content */,
			);
			path = YATDA;
			sourceTree = "<group>";
		};
		15A0F9082721E07F000B652A /* Preview Content */ = {
			isa = PBXGroup;
			children = (
				15A0F9092721E07F000B652A /* Preview Assets.xcassets */,
			);
			path = "Preview Content";
			sourceTree = "<group>";
		};
/* End PBXGroup section */

/* Begin PBXNativeTarget section */
		15A0F8FE2721E07D000B652A /* YATDA */ = {
			isa = PBXNativeTarget;
			buildConfigurationList = 15A0F90D2721E07F000B652A /* Build configuration list for PBXNativeTarget "YATDA" */;
			buildPhases = (
				15A0F8FB2721E07D000B652A /* Sources */,
				15A0F8FC2721E07D000B652A /* Frameworks */,
				15A0F8FD2721E07D000B652A /* Resources */,
			);
			buildRules = (
			);
			dependencies = (
			);
			name = YATDA;
			productName = YATDA;
			productReference = 15A0F8FF2721E07D000B652A /* YATDA.app */;
			productType = "com.apple.product-type.application";
		};
/* End PBXNativeTarget section */

/* Begin PBXProject section */
		15A0F8F72721E07D000B652A /* Project object */ = {
			isa = PBXProject;
			attributes = {
				BuildIndependentTargetsInParallel = 1;
				LastSwiftUpdateCheck = 1310;
				LastUpgradeCheck = 1310;
				TargetAttributes = {
					15A0F8FE2721E07D000B652A = {
						CreatedOnToolsVersion = 13.1;
					};
				};
			};
			buildConfigurationList = 15A0F8FA2721E07D000B652A /* Build configuration list for PBXProject "YATDA" */;
			compatibilityVersion = "Xcode 13.0";
			developmentRegion = en;
			hasScannedForEncodings = 0;
			knownRegions = (
				en,
				Base,
			);
			mainGroup = 15A0F8F62721E07D000B652A;
			productRefGroup = 15A0F9002721E07D000B652A /* Products */;
			projectDirPath = "";
			projectRoot = "";
			targets = (
				15A0F8FE2721E07D000B652A /* YATDA */,
			);
		};
/* End PBXProject section */

/* Begin PBXResourcesBuildPhase section */
		15A0F8FD2721E07D000B652A /* Resources */ = {
			isa = PBXResourcesBuildPhase;
			buildActionMask = 2147483647;
			files = (
				15A0F90A2721E07F000B652A /* Preview Assets.xcassets in Resources */,
				15A0F9072721E07F000B652A /* Assets.xcassets in Resources */,
			);
			runOnlyForDeploymentPostprocessing = 0;
		};
/* End PBXResourcesBuildPhase section */

/* Begin PBXSourcesBuildPhase section */
		15A0F8FB2721E07D000B652A /* Sources */ = {
			isa = PBXSourcesBuildPhase;
			buildActionMask = 2147483647;
			files = (
				15A0F9122721E1E7000B652A /* SimpleTodoModel.xcdatamodeld in Sources */,
				1528213527269EC3009CD0A8 /* AddTodoButton.swift in Sources */,
				15A0F9052721E07D000B652A /* ContentView.swift in Sources */,
				15A0F9362722C6EF000B652A /* TodoListView.swift in Sources */,
				15A0F9142721E287000B652A /* CoreDataManager.swift in Sources */,
				15A0F9342722C2CA000B652A /* Priority.swift in Sources */,
				15A0F9032721E07D000B652A /* YATDAApp.swift in Sources */,
				157569C62725FE6F001B387D /* Task+Ext.swift.swift in Sources */,
			);
			runOnlyForDeploymentPostprocessing = 0;
		};
/* End PBXSourcesBuildPhase section */

/* Begin XCBuildConfiguration section */
		15A0F90B2721E07F000B652A /* Debug */ = {
			isa = XCBuildConfiguration;
			buildSettings = {
				ALWAYS_SEARCH_USER_PATHS = NO;
				CLANG_ANALYZER_NONNULL = YES;
				CLANG_ANALYZER_NUMBER_OBJECT_CONVERSION = YES_AGGRESSIVE;
				CLANG_CXX_LANGUAGE_STANDARD = "gnu++17";
				CLANG_CXX_LIBRARY = "libc++";
				CLANG_ENABLE_MODULES = YES;
				CLANG_ENABLE_OBJC_ARC = YES;
				CLANG_ENABLE_OBJC_WEAK = YES;
				CLANG_WARN_BLOCK_CAPTURE_AUTORELEASING = YES;
				CLANG_WARN_BOOL_CONVERSION = YES;
				CLANG_WARN_COMMA = YES;
				CLANG_WARN_CONSTANT_CONVERSION = YES;
				CLANG_WARN_DEPRECATED_OBJC_IMPLEMENTATIONS = YES;
				CLANG_WARN_DIRECT_OBJC_ISA_USAGE = YES_ERROR;
				CLANG_WARN_DOCUMENTATION_COMMENTS = YES;
				CLANG_WARN_EMPTY_BODY = YES;
				CLANG_WARN_ENUM_CONVERSION = YES;
				CLANG_WARN_INFINITE_RECURSION = YES;
				CLANG_WARN_INT_CONVERSION = YES;
				CLANG_WARN_NON_LITERAL_NULL_CONVERSION = YES;
				CLANG_WARN_OBJC_IMPLICIT_RETAIN_SELF = YES;
				CLANG_WARN_OBJC_LITERAL_CONVERSION = YES;
				CLANG_WARN_OBJC_ROOT_CLASS = YES_ERROR;
				CLANG_WARN_QUOTED_INCLUDE_IN_FRAMEWORK_HEADER = YES;
				CLANG_WARN_RANGE_LOOP_ANALYSIS = YES;
				CLANG_WARN_STRICT_PROTOTYPES = YES;
				CLANG_WARN_SUSPICIOUS_MOVE = YES;
				CLANG_WARN_UNGUARDED_AVAILABILITY = YES_AGGRESSIVE;
				CLANG_WARN_UNREACHABLE_CODE = YES;
				CLANG_WARN__DUPLICATE_METHOD_MATCH = YES;
				COPY_PHASE_STRIP = NO;
				DEBUG_INFORMATION_FORMAT = dwarf;
				ENABLE_STRICT_OBJC_MSGSEND = YES;
				ENABLE_TESTABILITY = YES;
				GCC_C_LANGUAGE_STANDARD = gnu11;
				GCC_DYNAMIC_NO_PIC = NO;
				GCC_NO_COMMON_BLOCKS = YES;
				GCC_OPTIMIZATION_LEVEL = 0;
				GCC_PREPROCESSOR_DEFINITIONS = (
					"DEBUG=1",
					"$(inherited)",
				);
				GCC_WARN_64_TO_32_BIT_CONVERSION = YES;
				GCC_WARN_ABOUT_RETURN_TYPE = YES_ERROR;
				GCC_WARN_UNDECLARED_SELECTOR = YES;
				GCC_WARN_UNINITIALIZED_AUTOS = YES_AGGRESSIVE;
				GCC_WARN_UNUSED_FUNCTION = YES;
				GCC_WARN_UNUSED_VARIABLE = YES;
				IPHONEOS_DEPLOYMENT_TARGET = 15.0;
				MTL_ENABLE_DEBUG_INFO = INCLUDE_SOURCE;
				MTL_FAST_MATH = YES;
				ONLY_ACTIVE_ARCH = YES;
				SDKROOT = iphoneos;
				SWIFT_ACTIVE_COMPILATION_CONDITIONS = DEBUG;
				SWIFT_OPTIMIZATION_LEVEL = "-Onone";
			};
			name = Debug;
		};
		15A0F90C2721E07F000B652A /* Release */ = {
			isa = XCBuildConfiguration;
			buildSettings = {
				ALWAYS_SEARCH_USER_PATHS = NO;
				CLANG_ANALYZER_NONNULL = YES;
				CLANG_ANALYZER_NUMBER_OBJECT_CONVERSION = YES_AGGRESSIVE;
				CLANG_CXX_LANGUAGE_STANDARD = "gnu++17";
				CLANG_CXX_LIBRARY = "libc++";
				CLANG_ENABLE_MODULES = YES;
				CLANG_ENABLE_OBJC_ARC = YES;
				CLANG_ENABLE_OBJC_WEAK = YES;
				CLANG_WARN_BLOCK_CAPTURE_AUTORELEASING = YES;
				CLANG_WARN_BOOL_CONVERSION = YES;
				CLANG_WARN_COMMA = YES;
				CLANG_WARN_CONSTANT_CONVERSION = YES;
				CLANG_WARN_DEPRECATED_OBJC_IMPLEMENTATIONS = YES;
				CLANG_WARN_DIRECT_OBJC_ISA_USAGE = YES_ERROR;
				CLANG_WARN_DOCUMENTATION_COMMENTS = YES;
				CLANG_WARN_EMPTY_BODY = YES;
				CLANG_WARN_ENUM_CONVERSION = YES;
				CLANG_WARN_INFINITE_RECURSION = YES;
				CLANG_WARN_INT_CONVERSION = YES;
				CLANG_WARN_NON_LITERAL_NULL_CONVERSION = YES;
				CLANG_WARN_OBJC_IMPLICIT_RETAIN_SELF = YES;
				CLANG_WARN_OBJC_LITERAL_CONVERSION = YES;
				CLANG_WARN_OBJC_ROOT_CLASS = YES_ERROR;
				CLANG_WARN_QUOTED_INCLUDE_IN_FRAMEWORK_HEADER = YES;
				CLANG_WARN_RANGE_LOOP_ANALYSIS = YES;
				CLANG_WARN_STRICT_PROTOTYPES = YES;
				CLANG_WARN_SUSPICIOUS_MOVE = YES;
				CLANG_WARN_UNGUARDED_AVAILABILITY = YES_AGGRESSIVE;
				CLANG_WARN_UNREACHABLE_CODE = YES;
				CLANG_WARN__DUPLICATE_METHOD_MATCH = YES;
				COPY_PHASE_STRIP = NO;
				DEBUG_INFORMATION_FORMAT = "dwarf-with-dsym";
				ENABLE_NS_ASSERTIONS = NO;
				ENABLE_STRICT_OBJC_MSGSEND = YES;
				GCC_C_LANGUAGE_STANDARD = gnu11;
				GCC_NO_COMMON_BLOCKS = YES;
				GCC_WARN_64_TO_32_BIT_CONVERSION = YES;
				GCC_WARN_ABOUT_RETURN_TYPE = YES_ERROR;
				GCC_WARN_UNDECLARED_SELECTOR = YES;
				GCC_WARN_UNINITIALIZED_AUTOS = YES_AGGRESSIVE;
				GCC_WARN_UNUSED_FUNCTION = YES;
				GCC_WARN_UNUSED_VARIABLE = YES;
				IPHONEOS_DEPLOYMENT_TARGET = 15.0;
				MTL_ENABLE_DEBUG_INFO = NO;
				MTL_FAST_MATH = YES;
				SDKROOT = iphoneos;
				SWIFT_COMPILATION_MODE = wholemodule;
				SWIFT_OPTIMIZATION_LEVEL = "-O";
				VALIDATE_PRODUCT = YES;
			};
			name = Release;
		};
		15A0F90E2721E07F000B652A /* Debug */ = {
			isa = XCBuildConfiguration;
			buildSettings = {
				ASSETCATALOG_COMPILER_APPICON_NAME = AppIcon;
				ASSETCATALOG_COMPILER_GLOBAL_ACCENT_COLOR_NAME = AccentColor;
				CODE_SIGN_STYLE = Automatic;
				CURRENT_PROJECT_VERSION = 1;
				DEVELOPMENT_ASSET_PATHS = "\"YATDA/Preview Content\"";
				DEVELOPMENT_TEAM = QTCBMWZUKD;
				ENABLE_PREVIEWS = YES;
				GENERATE_INFOPLIST_FILE = YES;
				INFOPLIST_KEY_UIApplicationSceneManifest_Generation = YES;
				INFOPLIST_KEY_UIApplicationSupportsIndirectInputEvents = YES;
				INFOPLIST_KEY_UILaunchScreen_Generation = YES;
				INFOPLIST_KEY_UISupportedInterfaceOrientations_iPad = "UIInterfaceOrientationPortrait UIInterfaceOrientationPortraitUpsideDown UIInterfaceOrientationLandscapeLeft UIInterfaceOrientationLandscapeRight";
				INFOPLIST_KEY_UISupportedInterfaceOrientations_iPhone = "UIInterfaceOrientationPortrait UIInterfaceOrientationLandscapeLeft UIInterfaceOrientationLandscapeRight";
				LD_RUNPATH_SEARCH_PATHS = (
					"$(inherited)",
					"@executable_path/Frameworks",
				);
				MARKETING_VERSION = 1.0;
				PRODUCT_BUNDLE_IDENTIFIER = io.tukgaesoft.YATDA;
				PRODUCT_NAME = "$(TARGET_NAME)";
				SWIFT_EMIT_LOC_STRINGS = YES;
				SWIFT_VERSION = 5.0;
				TARGETED_DEVICE_FAMILY = "1,2";
			};
			name = Debug;
		};
		15A0F90F2721E07F000B652A /* Release */ = {
			isa = XCBuildConfiguration;
			buildSettings = {
				ASSETCATALOG_COMPILER_APPICON_NAME = AppIcon;
				ASSETCATALOG_COMPILER_GLOBAL_ACCENT_COLOR_NAME = AccentColor;
				CODE_SIGN_STYLE = Automatic;
				CURRENT_PROJECT_VERSION = 1;
				DEVELOPMENT_ASSET_PATHS = "\"YATDA/Preview Content\"";
				DEVELOPMENT_TEAM = QTCBMWZUKD;
				ENABLE_PREVIEWS = YES;
				GENERATE_INFOPLIST_FILE = YES;
				INFOPLIST_KEY_UIApplicationSceneManifest_Generation = YES;
				INFOPLIST_KEY_UIApplicationSupportsIndirectInputEvents = YES;
				INFOPLIST_KEY_UILaunchScreen_Generation = YES;
				INFOPLIST_KEY_UISupportedInterfaceOrientations_iPad = "UIInterfaceOrientationPortrait UIInterfaceOrientationPortraitUpsideDown UIInterfaceOrientationLandscapeLeft UIInterfaceOrientationLandscapeRight";
				INFOPLIST_KEY_UISupportedInterfaceOrientations_iPhone = "UIInterfaceOrientationPortrait UIInterfaceOrientationLandscapeLeft UIInterfaceOrientationLandscapeRight";
				LD_RUNPATH_SEARCH_PATHS = (
					"$(inherited)",
					"@executable_path/Frameworks",
				);
				MARKETING_VERSION = 1.0;
				PRODUCT_BUNDLE_IDENTIFIER = io.tukgaesoft.YATDA;
				PRODUCT_NAME = "$(TARGET_NAME)";
				SWIFT_EMIT_LOC_STRINGS = YES;
				SWIFT_VERSION = 5.0;
				TARGETED_DEVICE_FAMILY = "1,2";
			};
			name = Release;
		};
/* End XCBuildConfiguration section */

/* Begin XCConfigurationList section */
		15A0F8FA2721E07D000B652A /* Build configuration list for PBXProject "YATDA" */ = {
			isa = XCConfigurationList;
			buildConfigurations = (
				15A0F90B2721E07F000B652A /* Debug */,
				15A0F90C2721E07F000B652A /* Release */,
			);
			defaultConfigurationIsVisible = 0;
			defaultConfigurationName = Release;
		};
		15A0F90D2721E07F000B652A /* Build configuration list for PBXNativeTarget "YATDA" */ = {
			isa = XCConfigurationList;
			buildConfigurations = (
				15A0F90E2721E07F000B652A /* Debug */,
				15A0F90F2721E07F000B652A /* Release */,
			);
			defaultConfigurationIsVisible = 0;
			defaultConfigurationName = Release;
		};
/* End XCConfigurationList section */

/* Begin XCVersionGroup section */
		15A0F9102721E1E7000B652A /* SimpleTodoModel.xcdatamodeld */ = {
			isa = XCVersionGroup;
			children = (
				15A0F9112721E1E7000B652A /* SimpleTodoModel.xcdatamodel */,
			);
			currentVersion = 15A0F9112721E1E7000B652A /* SimpleTodoModel.xcdatamodel */;
			path = SimpleTodoModel.xcdatamodeld;
			sourceTree = "<group>";
			versionGroupType = wrapper.xcdatamodel;
		};
/* End XCVersionGroup section */
	};
	rootObject = 15A0F8F72721E07D000B652A /* Project object */;
}
